{
  "name": "sarahinit",
  "version": "1.0.1",
  "lockfileVersion": 3,
  "requires": true,
  "packages": {
    "": {
      "name": "sarahinit",
      "version": "1.0.1",
      "hasInstallScript": true,
      "license": "MIT",
      "bin": {
        "sarahinit": "src/entry.js"
      },
      "engines": {
        "node": ">=18.0.0"
      }
    }
  }
}
